Microsoft Visual Studio Solution File, Format Version 12.00
# Visual Studio Version 17
VisualStudioVersion = 17.5.2.0
MinimumVisualStudioVersion = 10.0.40219.1
Project("{FAE04EC0-301F-11D3-BF4B-00C04F79EFBC}") = "bsp-experiments-cs", "bsp-experiments-cs.csproj", "{F4E72907-4F6D-F2A3-6550-89732B434DF4}"
EndProject
Global
	GlobalSection(SolutionConfigurationPlatforms) = preSolution
		Debug|Any CPU = Debug|Any CPU
		Release|Any CPU = Release|Any CPU
	EndGlobalSection
	GlobalSection(ProjectConfigurationPlatforms) = postSolution
		{F4E72907-4F6D-F2A3-6550-89732B434DF4}.Debug|Any CPU.ActiveCfg = Debug|Any CPU
		{F4E72907-4F6D-F2A3-6550-89732B434DF4}.Debug|Any CPU.Build.0 = Debug|Any CPU
		{F4E72907-4F6D-F2A3-6550-89732B434DF4}.Release|Any CPU.ActiveCfg = Release|Any CPU
		{F4E72907-4F6D-F2A3-6550-89732B434DF4}.Release|Any CPU.Build.0 = Release|Any CPU
	EndGlobalSection
	GlobalSection(SolutionProperties) = preSolution
		HideSolutionNode = FALSE
	EndGlobalSection
	GlobalSection(ExtensibilityGlobals) = postSolution
		SolutionGuid = {D703D66B-B004-46F9-A828-99C235A28077}
	EndGlobalSection
EndGlobal
